
Microsoft Visual Studio Solution File, Format Version 12.00
# Visual Studio 15
VisualStudioVersion = 15.0.27703.2000
MinimumVisualStudioVersion = 10.0.40219.1
Project("{FAE04EC0-301F-11D3-BF4B-00C04F79EFBC}") = "exemplo prova 2", "exemplo prova 2\exemplo prova 2.csproj", "{787AE71B-1CC1-4975-BE9C-9FA2F04B5202}"
EndProject
Global
	GlobalSection(SolutionConfigurationPlatforms) = preSolution
		Debug|Any CPU = Debug|Any CPU
		Release|Any CPU = Release|Any CPU
	EndGlobalSection
	GlobalSection(ProjectConfigurationPlatforms) = postSolution
		{787AE71B-1CC1-4975-BE9C-9FA2F04B5202}.Debug|Any CPU.ActiveCfg = Debug|Any CPU
		{787AE71B-1CC1-4975-BE9C-9FA2F04B5202}.Debug|Any CPU.Build.0 = Debug|Any CPU
		{787AE71B-1CC1-4975-BE9C-9FA2F04B5202}.Release|Any CPU.ActiveCfg = Release|Any CPU
		{787AE71B-1CC1-4975-BE9C-9FA2F04B5202}.Release|Any CPU.Build.0 = Release|Any CPU
	EndGlobalSection
	GlobalSection(SolutionProperties) = preSolution
		HideSolutionNode = FALSE
	EndGlobalSection
	GlobalSection(ExtensibilityGlobals) = postSolution
		SolutionGuid = {1709601B-04B8-4384-BA37-F79D31F6FEF6}
	EndGlobalSection
EndGlobal
