
Microsoft Visual Studio Solution File, Format Version 12.00
# Visual Studio 15
VisualStudioVersion = 15.0.26430.16
MinimumVisualStudioVersion = 10.0.40219.1
Project("{FAE04EC0-301F-11D3-BF4B-00C04F79EFBC}") = "vetor", "vetor\vetor.csproj", "{433D40F8-A9E7-40FE-AA62-A07EFC5D52DE}"
EndProject
Global
	GlobalSection(SolutionConfigurationPlatforms) = preSolution
		Debug|Any CPU = Debug|Any CPU
		Release|Any CPU = Release|Any CPU
	EndGlobalSection
	GlobalSection(ProjectConfigurationPlatforms) = postSolution
		{433D40F8-A9E7-40FE-AA62-A07EFC5D52DE}.Debug|Any CPU.ActiveCfg = Debug|Any CPU
		{433D40F8-A9E7-40FE-AA62-A07EFC5D52DE}.Debug|Any CPU.Build.0 = Debug|Any CPU
		{433D40F8-A9E7-40FE-AA62-A07EFC5D52DE}.Release|Any CPU.ActiveCfg = Release|Any CPU
		{433D40F8-A9E7-40FE-AA62-A07EFC5D52DE}.Release|Any CPU.Build.0 = Release|Any CPU
	EndGlobalSection
	GlobalSection(SolutionProperties) = preSolution
		HideSolutionNode = FALSE
	EndGlobalSection
EndGlobal
